PODS:
  - Apollo (0.10.0):
    - Apollo/Core (= 0.10.0)
  - Apollo/Core (0.10.0)
  - BigInt (3.1.0):
    - SipHash (~> 1.2)
  - CommunityKit (0.0.2):
    - Apollo (= 0.10.0)
    - FlowKit (= 0.0.2)
    - JWTDecode (= 2.2.0)
    - KeychainAccess (= 3.1.2)
    - RealmSwift (= 3.13.1)
    - Sodium (= 0.8.0)
  - FlowKit (0.0.2)
  - JWTDecode (2.2.0)
  - keccak.c (0.1.3)
  - KeychainAccess (3.1.2)
  - PromiseKit (6.11.0):
    - PromiseKit/CorePromise (= 6.11.0)
    - PromiseKit/Foundation (= 6.11.0)
    - PromiseKit/UIKit (= 6.11.0)
  - PromiseKit/CorePromise (6.11.0)
  - PromiseKit/Foundation (6.11.0):
    - PromiseKit/CorePromise
  - PromiseKit/UIKit (6.11.0):
    - PromiseKit/CorePromise
  - Realm (3.13.1):
    - Realm/Headers (= 3.13.1)
  - Realm/Headers (3.13.1)
  - RealmSwift (3.13.1):
    - Realm (= 3.13.1)
  - scrypt.c (0.1.1)
  - secp256k1.c (0.1.2)
  - SipHash (1.2.2)
  - Sodium (0.8.0)
  - WalletKit (0.0.1):
    - Apollo (= 0.10.0)
    - CommunityKit (= 0.0.2)
    - FlowKit (= 0.0.2)
    - KeychainAccess (= 3.1.2)
    - web3swift (>= 2.1.10)
  - web3swift (2.1.10):
    - BigInt (~> 3.1)
    - keccak.c (~> 0.1)
    - PromiseKit (~> 6.4)
    - scrypt.c (~> 0.1)
    - secp256k1.c (~> 0.1)

DEPENDENCIES:
  - Apollo (= 0.10.0)
  - "CommunityKit (from `git@gitlab.com:214alpha/community/communitykitios.git`, commit `1e40f7251568af61564effff5f8510d67c87e182`)"
  - "FlowKit (from `git@gitlab.com:214alpha/utilities/flowkit.git`, commit `5deb630fef942d4c3f02c7f653731bf5f667b2f8`)"
  - KeychainAccess (= 3.1.2)
  - WalletKit (from `.`)
  - web3swift (from `https://github.com/borjantrajanoski/web3swift.git`, commit `af07105a1f1d0c1b361950a793eee9dd34d04568`)

SPEC REPOS:
  trunk:
    - Apollo
    - BigInt
    - JWTDecode
    - keccak.c
    - KeychainAccess
    - PromiseKit
    - Realm
    - RealmSwift
    - scrypt.c
    - secp256k1.c
    - SipHash
    - Sodium

EXTERNAL SOURCES:
  CommunityKit:
    :commit: 1e40f7251568af61564effff5f8510d67c87e182
    :git: "git@gitlab.com:214alpha/community/communitykitios.git"
  FlowKit:
    :commit: 5deb630fef942d4c3f02c7f653731bf5f667b2f8
    :git: "git@gitlab.com:214alpha/utilities/flowkit.git"
  WalletKit:
    :path: "."
  web3swift:
    :commit: af07105a1f1d0c1b361950a793eee9dd34d04568
    :git: https://github.com/borjantrajanoski/web3swift.git

CHECKOUT OPTIONS:
  CommunityKit:
    :commit: 1e40f7251568af61564effff5f8510d67c87e182
    :git: "git@gitlab.com:214alpha/community/communitykitios.git"
  FlowKit:
    :commit: 5deb630fef942d4c3f02c7f653731bf5f667b2f8
    :git: "git@gitlab.com:214alpha/utilities/flowkit.git"
  web3swift:
    :commit: af07105a1f1d0c1b361950a793eee9dd34d04568
    :git: https://github.com/borjantrajanoski/web3swift.git

SPEC CHECKSUMS:
  Apollo: aa9b870203900b9526332ea3d12c37b4dc6ce1b9
  BigInt: 76b5dfdfa3e2e478d4ffdf161aeede5502e2742f
  CommunityKit: ecb8a205de72dac3ef65819ddf6769c5b804538e
  FlowKit: 3cad66ad0fcbc997f643d36dfe4c4b8207ff2f8d
  JWTDecode: 85a405ab16d5473e99bd89ded1d535090ebd6a0e
  keccak.c: 859583afdaccb4e4fcc0f0096064d101580313f4
  KeychainAccess: b3816fddcf28aa29d94b10ec305cd52be14c472b
  PromiseKit: e4863d06976e7dee5e41c04fc7371c16b3600292
  Realm: 50071da38fe079e0735e47c9f2eae738c68c5996
  RealmSwift: 8a1e6a02b7a08cd17a31e3115143fb69fe5f3fb9
  scrypt.c: b42ae06183251329d2b2c620c226fb541a4a3592
  secp256k1.c: db47b726585d80f027423682eb369729e61b3b20
  SipHash: fad90a4683e420c52ef28063063dbbce248ea6d4
  Sodium: 63c0ca312a932e6da481689537d4b35568841bdc
  WalletKit: 992a36a50bb9ddae0b0cdafb7e7be55d92dfc08f
  web3swift: 2ab62132eb013b29e949f97c201a8fcf6c9e1fef

PODFILE CHECKSUM: 0b56ffe9ae1bf915ceaa907e549e6ce0c0b41cca

COCOAPODS: 1.8.0.beta.2
